uuid: 24af7b89-552e-4c52-a25c-a553f555077b
langcode: en
status: true
dependencies:
  content:
    - 'block_content:basic:b94f76d7-9b98-4790-a050-baee72f8cfed'
  module:
    - block_content
  theme:
    - bootstrap4
id: bootstrap4_myfirstblock
theme: bootstrap4
region: sidebar_first
weight: 0
provider: null
plugin: 'block_content:b94f76d7-9b98-4790-a050-baee72f8cfed'
settings:
  id: 'block_content:b94f76d7-9b98-4790-a050-baee72f8cfed'
  label: 'Gears of war'
  provider: block_content
  label_display: visible
  status: true
  info: ''
  view_mode: full
visibility: {  }
